
Microsoft Visual Studio Solution File, Format Version 12.00
# Visual Studio Version 17
VisualStudioVersion = 17.4.33205.214
MinimumVisualStudioVersion = 10.0.40219.1
Project("{FAE04EC0-301F-11D3-BF4B-00C04F79EFBC}") = "two-sum", "two-sum\two-sum.csproj", "{37A16F63-CB5D-4FBC-AC2A-CC3E8725D25A}"
EndProject
Global
	GlobalSection(SolutionConfigurationPlatforms) = preSolution
		Debug|Any CPU = Debug|Any CPU
		Release|Any CPU = Release|Any CPU
	EndGlobalSection
	GlobalSection(ProjectConfigurationPlatforms) = postSolution
		{37A16F63-CB5D-4FBC-AC2A-CC3E8725D25A}.Debug|Any CPU.ActiveCfg = Debug|Any CPU
		{37A16F63-CB5D-4FBC-AC2A-CC3E8725D25A}.Debug|Any CPU.Build.0 = Debug|Any CPU
		{37A16F63-CB5D-4FBC-AC2A-CC3E8725D25A}.Release|Any CPU.ActiveCfg = Release|Any CPU
		{37A16F63-CB5D-4FBC-AC2A-CC3E8725D25A}.Release|Any CPU.Build.0 = Release|Any CPU
	EndGlobalSection
	GlobalSection(SolutionProperties) = preSolution
		HideSolutionNode = FALSE
	EndGlobalSection
	GlobalSection(ExtensibilityGlobals) = postSolution
		SolutionGuid = {F20EA87C-5290-4257-B876-5E5FC91C236C}
	EndGlobalSection
EndGlobal
