
Microsoft Visual Studio Solution File, Format Version 12.00
# Visual Studio Version 17
VisualStudioVersion = 17.4.33213.308
MinimumVisualStudioVersion = 10.0.40219.1
Project("{FAE04EC0-301F-11D3-BF4B-00C04F79EFBC}") = "plus-one", "plus-one\plus-one.csproj", "{423DA711-0A7C-4BF8-95F8-3E0579AF95E5}"
EndProject
Project("{FAE04EC0-301F-11D3-BF4B-00C04F79EFBC}") = "plus-one.Tests", "plus-one.Tests\plus-one.Tests.csproj", "{89F09383-010C-4112-827A-0D2AC8F52103}"
EndProject
Global
	GlobalSection(SolutionConfigurationPlatforms) = preSolution
		Debug|Any CPU = Debug|Any CPU
		Release|Any CPU = Release|Any CPU
	EndGlobalSection
	GlobalSection(ProjectConfigurationPlatforms) = postSolution
		{423DA711-0A7C-4BF8-95F8-3E0579AF95E5}.Debug|Any CPU.ActiveCfg = Debug|Any CPU
		{423DA711-0A7C-4BF8-95F8-3E0579AF95E5}.Debug|Any CPU.Build.0 = Debug|Any CPU
		{423DA711-0A7C-4BF8-95F8-3E0579AF95E5}.Release|Any CPU.ActiveCfg = Release|Any CPU
		{423DA711-0A7C-4BF8-95F8-3E0579AF95E5}.Release|Any CPU.Build.0 = Release|Any CPU
		{89F09383-010C-4112-827A-0D2AC8F52103}.Debug|Any CPU.ActiveCfg = Debug|Any CPU
		{89F09383-010C-4112-827A-0D2AC8F52103}.Debug|Any CPU.Build.0 = Debug|Any CPU
		{89F09383-010C-4112-827A-0D2AC8F52103}.Release|Any CPU.ActiveCfg = Release|Any CPU
		{89F09383-010C-4112-827A-0D2AC8F52103}.Release|Any CPU.Build.0 = Release|Any CPU
	EndGlobalSection
	GlobalSection(SolutionProperties) = preSolution
		HideSolutionNode = FALSE
	EndGlobalSection
	GlobalSection(ExtensibilityGlobals) = postSolution
		SolutionGuid = {D109F0A2-1B28-47A9-8674-A2B78D0A1469}
	EndGlobalSection
EndGlobal
