
Microsoft Visual Studio Solution File, Format Version 12.00
# Visual Studio Version 17
VisualStudioVersion = 17.4.33205.214
MinimumVisualStudioVersion = 10.0.40219.1
Project("{FAE04EC0-301F-11D3-BF4B-00C04F79EFBC}") = "palindrome-number", "palindrome-number\palindrome-number.csproj", "{1F084338-D79C-4397-B9AC-FDE39910530D}"
EndProject
Global
	GlobalSection(SolutionConfigurationPlatforms) = preSolution
		Debug|Any CPU = Debug|Any CPU
		Release|Any CPU = Release|Any CPU
	EndGlobalSection
	GlobalSection(ProjectConfigurationPlatforms) = postSolution
		{1F084338-D79C-4397-B9AC-FDE39910530D}.Debug|Any CPU.ActiveCfg = Debug|Any CPU
		{1F084338-D79C-4397-B9AC-FDE39910530D}.Debug|Any CPU.Build.0 = Debug|Any CPU
		{1F084338-D79C-4397-B9AC-FDE39910530D}.Release|Any CPU.ActiveCfg = Release|Any CPU
		{1F084338-D79C-4397-B9AC-FDE39910530D}.Release|Any CPU.Build.0 = Release|Any CPU
	EndGlobalSection
	GlobalSection(SolutionProperties) = preSolution
		HideSolutionNode = FALSE
	EndGlobalSection
	GlobalSection(ExtensibilityGlobals) = postSolution
		SolutionGuid = {5B058A65-A8AD-4D8B-BE5C-F310979C2B9B}
	EndGlobalSection
EndGlobal
